
Microsoft Visual Studio Solution File, Format Version 12.00
# Visual Studio Version 16
VisualStudioVersion = 16.0.30114.105
MinimumVisualStudioVersion = 10.0.40219.1
Project("{2150E333-8FDC-42A3-9474-1A3956D46DE8}") = "tests", "tests", "{302709B8-D6F1-4495-A8E6-0189985B1C5E}"
EndProject
Project("{FAE04EC0-301F-11D3-BF4B-00C04F79EFBC}") = "UnitTests", "tests\UnitTests\UnitTests.csproj", "{2F753716-C9D3-400E-8080-70995F902CA8}"
EndProject
Project("{2150E333-8FDC-42A3-9474-1A3956D46DE8}") = "src", "src", "{F2861E08-A218-496D-94C4-97A8E906FBAA}"
EndProject
Project("{FAE04EC0-301F-11D3-BF4B-00C04F79EFBC}") = "EventAggregator", "src\EventAggregator\EventAggregator.csproj", "{367F2C36-0D2C-4A9D-BA1D-12F0E211330B}"
EndProject
Global
	GlobalSection(SolutionConfigurationPlatforms) = preSolution
		Debug|Any CPU = Debug|Any CPU
		Release|Any CPU = Release|Any CPU
	EndGlobalSection
	GlobalSection(SolutionProperties) = preSolution
		HideSolutionNode = FALSE
	EndGlobalSection
	GlobalSection(ProjectConfigurationPlatforms) = postSolution
		{2F753716-C9D3-400E-8080-70995F902CA8}.Debug|Any CPU.ActiveCfg = Debug|Any CPU
		{2F753716-C9D3-400E-8080-70995F902CA8}.Debug|Any CPU.Build.0 = Debug|Any CPU
		{2F753716-C9D3-400E-8080-70995F902CA8}.Release|Any CPU.ActiveCfg = Release|Any CPU
		{2F753716-C9D3-400E-8080-70995F902CA8}.Release|Any CPU.Build.0 = Release|Any CPU
		{367F2C36-0D2C-4A9D-BA1D-12F0E211330B}.Debug|Any CPU.ActiveCfg = Debug|Any CPU
		{367F2C36-0D2C-4A9D-BA1D-12F0E211330B}.Debug|Any CPU.Build.0 = Debug|Any CPU
		{367F2C36-0D2C-4A9D-BA1D-12F0E211330B}.Release|Any CPU.ActiveCfg = Release|Any CPU
		{367F2C36-0D2C-4A9D-BA1D-12F0E211330B}.Release|Any CPU.Build.0 = Release|Any CPU
	EndGlobalSection
	GlobalSection(NestedProjects) = preSolution
		{2F753716-C9D3-400E-8080-70995F902CA8} = {302709B8-D6F1-4495-A8E6-0189985B1C5E}
		{367F2C36-0D2C-4A9D-BA1D-12F0E211330B} = {F2861E08-A218-496D-94C4-97A8E906FBAA}
	EndGlobalSection
EndGlobal
